
Microsoft Visual Studio Solution File, Format Version 12.00
# Visual Studio Version 16
VisualStudioVersion = 16.0.30804.86
MinimumVisualStudioVersion = 10.0.40219.1
Project("{9A19103F-16F7-4668-BE54-9A1E7A4F7556}") = "PokemonStatCalculator.Entities", "PokemonStatCalculator.Entities\PokemonStatCalculator.Entities.csproj", "{61702D14-6C44-4B68-A265-85B97333AE60}"
EndProject
Project("{9A19103F-16F7-4668-BE54-9A1E7A4F7556}") = "PokemonStatCalculator.Utils", "PokemonStatCalculator.Utils\PokemonStatCalculator.Utils.csproj", "{83E25E13-240C-4B71-A443-722F25793996}"
EndProject
Project("{2150E333-8FDC-42A3-9474-1A3956D46DE8}") = "Solution Items", "Solution Items", "{E27A2B64-24CA-42EB-A8B8-FA0C50B01F4C}"
	ProjectSection(SolutionItems) = preProject
		.editorconfig = .editorconfig
	EndProjectSection
EndProject
Project("{9A19103F-16F7-4668-BE54-9A1E7A4F7556}") = "PokemonStatCalculator.DataAccess", "PokemonStatCalculator.DataAccess\PokemonStatCalculator.DataAccess.csproj", "{9EA53A65-8EA2-41F4-88D6-7DF6E2115421}"
EndProject
Project("{9A19103F-16F7-4668-BE54-9A1E7A4F7556}") = "PokemonStatCalculator.WebApi", "PokemonStatCalculator.WebApi\PokemonStatCalculator.WebApi.csproj", "{591C1421-F57F-4D07-AB58-7A257175242F}"
EndProject
Project("{FAE04EC0-301F-11D3-BF4B-00C04F79EFBC}") = "PokemonStatCalculator.WebApiConsumer", "PokemonStatCalculator.WebApiConsumer\PokemonStatCalculator.WebApiConsumer.csproj", "{29F36728-647C-4B24-93D4-DD40991DF243}"
EndProject
Global
	GlobalSection(SolutionConfigurationPlatforms) = preSolution
		Debug|Any CPU = Debug|Any CPU
		Release|Any CPU = Release|Any CPU
	EndGlobalSection
	GlobalSection(ProjectConfigurationPlatforms) = postSolution
		{61702D14-6C44-4B68-A265-85B97333AE60}.Debug|Any CPU.ActiveCfg = Debug|Any CPU
		{61702D14-6C44-4B68-A265-85B97333AE60}.Debug|Any CPU.Build.0 = Debug|Any CPU
		{61702D14-6C44-4B68-A265-85B97333AE60}.Release|Any CPU.ActiveCfg = Release|Any CPU
		{61702D14-6C44-4B68-A265-85B97333AE60}.Release|Any CPU.Build.0 = Release|Any CPU
		{83E25E13-240C-4B71-A443-722F25793996}.Debug|Any CPU.ActiveCfg = Debug|Any CPU
		{83E25E13-240C-4B71-A443-722F25793996}.Debug|Any CPU.Build.0 = Debug|Any CPU
		{83E25E13-240C-4B71-A443-722F25793996}.Release|Any CPU.ActiveCfg = Release|Any CPU
		{83E25E13-240C-4B71-A443-722F25793996}.Release|Any CPU.Build.0 = Release|Any CPU
		{9EA53A65-8EA2-41F4-88D6-7DF6E2115421}.Debug|Any CPU.ActiveCfg = Debug|Any CPU
		{9EA53A65-8EA2-41F4-88D6-7DF6E2115421}.Debug|Any CPU.Build.0 = Debug|Any CPU
		{9EA53A65-8EA2-41F4-88D6-7DF6E2115421}.Release|Any CPU.ActiveCfg = Release|Any CPU
		{9EA53A65-8EA2-41F4-88D6-7DF6E2115421}.Release|Any CPU.Build.0 = Release|Any CPU
		{591C1421-F57F-4D07-AB58-7A257175242F}.Debug|Any CPU.ActiveCfg = Debug|Any CPU
		{591C1421-F57F-4D07-AB58-7A257175242F}.Debug|Any CPU.Build.0 = Debug|Any CPU
		{591C1421-F57F-4D07-AB58-7A257175242F}.Release|Any CPU.ActiveCfg = Release|Any CPU
		{591C1421-F57F-4D07-AB58-7A257175242F}.Release|Any CPU.Build.0 = Release|Any CPU
		{29F36728-647C-4B24-93D4-DD40991DF243}.Debug|Any CPU.ActiveCfg = Debug|Any CPU
		{29F36728-647C-4B24-93D4-DD40991DF243}.Debug|Any CPU.Build.0 = Debug|Any CPU
		{29F36728-647C-4B24-93D4-DD40991DF243}.Release|Any CPU.ActiveCfg = Release|Any CPU
		{29F36728-647C-4B24-93D4-DD40991DF243}.Release|Any CPU.Build.0 = Release|Any CPU
	EndGlobalSection
	GlobalSection(SolutionProperties) = preSolution
		HideSolutionNode = FALSE
	EndGlobalSection
	GlobalSection(ExtensibilityGlobals) = postSolution
		SolutionGuid = {8FEE8A03-E6E4-4A9B-8589-AE84A6D6F8BB}
	EndGlobalSection
EndGlobal
